
Microsoft Visual Studio Solution File, Format Version 12.00
# Visual Studio Version 17
VisualStudioVersion = 17.9.34607.119
MinimumVisualStudioVersion = 10.0.40219.1
Project("{9A19103F-16F7-4668-BE54-9A1E7A4F7556}") = "OAuthServerRP", "OAuthServerRP\OAuthServerRP.csproj", "{62157DE9-AD94-4CAF-B41A-7EFD9366FBA1}"
EndProject
Project("{9A19103F-16F7-4668-BE54-9A1E7A4F7556}") = "TestIdentity", "TestIdentity\TestIdentity.csproj", "{A8C3E74A-DC1E-4214-85F6-5D607D30CE74}"
EndProject
Global
	GlobalSection(SolutionConfigurationPlatforms) = preSolution
		Debug|Any CPU = Debug|Any CPU
		Release|Any CPU = Release|Any CPU
	EndGlobalSection
	GlobalSection(ProjectConfigurationPlatforms) = postSolution
		{62157DE9-AD94-4CAF-B41A-7EFD9366FBA1}.Debug|Any CPU.ActiveCfg = Debug|Any CPU
		{62157DE9-AD94-4CAF-B41A-7EFD9366FBA1}.Debug|Any CPU.Build.0 = Debug|Any CPU
		{62157DE9-AD94-4CAF-B41A-7EFD9366FBA1}.Release|Any CPU.ActiveCfg = Release|Any CPU
		{62157DE9-AD94-4CAF-B41A-7EFD9366FBA1}.Release|Any CPU.Build.0 = Release|Any CPU
		{A8C3E74A-DC1E-4214-85F6-5D607D30CE74}.Debug|Any CPU.ActiveCfg = Debug|Any CPU
		{A8C3E74A-DC1E-4214-85F6-5D607D30CE74}.Debug|Any CPU.Build.0 = Debug|Any CPU
		{A8C3E74A-DC1E-4214-85F6-5D607D30CE74}.Release|Any CPU.ActiveCfg = Release|Any CPU
		{A8C3E74A-DC1E-4214-85F6-5D607D30CE74}.Release|Any CPU.Build.0 = Release|Any CPU
	EndGlobalSection
	GlobalSection(SolutionProperties) = preSolution
		HideSolutionNode = FALSE
	EndGlobalSection
	GlobalSection(ExtensibilityGlobals) = postSolution
		SolutionGuid = {2C68CB5D-5795-4369-91F1-49C9D6D5CEB2}
	EndGlobalSection
EndGlobal
